
Microsoft Visual Studio Solution File, Format Version 12.00
# Visual Studio Express 2012 for Windows Desktop
Project("{FAE04EC0-301F-11D3-BF4B-00C04F79EFBC}") = "InverterEmulator", "InverterEmulator\InverterEmulator.csproj", "{5FEEDE76-567D-41FF-88CA-08D25629C4F1}"
EndProject
Global
	GlobalSection(SolutionConfigurationPlatforms) = preSolution
		Debug|Any CPU = Debug|Any CPU
		Release|Any CPU = Release|Any CPU
	EndGlobalSection
	GlobalSection(ProjectConfigurationPlatforms) = postSolution
		{5FEEDE76-567D-41FF-88CA-08D25629C4F1}.Debug|Any CPU.ActiveCfg = Debug|Any CPU
		{5FEEDE76-567D-41FF-88CA-08D25629C4F1}.Debug|Any CPU.Build.0 = Debug|Any CPU
		{5FEEDE76-567D-41FF-88CA-08D25629C4F1}.Release|Any CPU.ActiveCfg = Release|Any CPU
		{5FEEDE76-567D-41FF-88CA-08D25629C4F1}.Release|Any CPU.Build.0 = Release|Any CPU
	EndGlobalSection
	GlobalSection(SolutionProperties) = preSolution
		HideSolutionNode = FALSE
	EndGlobalSection
EndGlobal
